// !$*UTF8*$!
{
	archiveVersion = 1;
	classes = {
	};
	objectVersion = 48;
	objects = {

/* Begin PBXBuildFile section */
		77B84881278C417747E5722E /* Pods_PregBuddy_Tweets.framework in Frameworks */ = {isa = PBXBuildFile; fileRef = D5270207403A07D0D4B78960 /* Pods_PregBuddy_Tweets.framework */; };
		8DF2030A204C77CE00C5C59C /* AppDelegate.swift in Sources */ = {isa = PBXBuildFile; fileRef = 8DF20309204C77CE00C5C59C /* AppDelegate.swift */; };
		8DF2030F204C77CE00C5C59C /* Main.storyboard in Resources */ = {isa = PBXBuildFile; fileRef = 8DF2030D204C77CE00C5C59C /* Main.storyboard */; };
		8DF20312204C77CE00C5C59C /* PregBuddy_Tweets.xcdatamodeld in Sources */ = {isa = PBXBuildFile; fileRef = 8DF20310204C77CE00C5C59C /* PregBuddy_Tweets.xcdatamodeld */; };
		8DF20314204C77CE00C5C59C /* Assets.xcassets in Resources */ = {isa = PBXBuildFile; fileRef = 8DF20313204C77CE00C5C59C /* Assets.xcassets */; };
		8DF20317204C77CE00C5C59C /* LaunchScreen.storyboard in Resources */ = {isa = PBXBuildFile; fileRef = 8DF20315204C77CE00C5C59C /* LaunchScreen.storyboard */; };
		8DF20323204C956E00C5C59C /* HomeVC.swift in Sources */ = {isa = PBXBuildFile; fileRef = 8DF20322204C956E00C5C59C /* HomeVC.swift */; };
		8DF20325204C959C00C5C59C /* BookmarkVC.swift in Sources */ = {isa = PBXBuildFile; fileRef = 8DF20324204C959C00C5C59C /* BookmarkVC.swift */; };
		8DF20327204C95F600C5C59C /* TweetCell.swift in Sources */ = {isa = PBXBuildFile; fileRef = 8DF20326204C95F600C5C59C /* TweetCell.swift */; };
		8DF20329204C9CE700C5C59C /* TabBarVC.swift in Sources */ = {isa = PBXBuildFile; fileRef = 8DF20328204C9CE700C5C59C /* TabBarVC.swift */; };
		8DFB6E8B204D1156008B7DD3 /* twitterAPI.swift in Sources */ = {isa = PBXBuildFile; fileRef = 8DFB6E8A204D1156008B7DD3 /* twitterAPI.swift */; };
		8DFB6E8D204D1293008B7DD3 /* tweetModel.swift in Sources */ = {isa = PBXBuildFile; fileRef = 8DFB6E8C204D1293008B7DD3 /* tweetModel.swift */; };
/* End PBXBuildFile section */

/* Begin PBXFileReference section */
		8DF20306204C77CE00C5C59C /* PregBuddy Tweets.app */ = {isa = PBXFileReference; explicitFileType = wrapper.application; includeInIndex = 0; path = "PregBuddy Tweets.app"; sourceTree = BUILT_PRODUCTS_DIR; };
		8DF20309204C77CE00C5C59C /* AppDelegate.swift */ = {isa = PBXFileReference; lastKnownFileType = sourcecode.swift; path = AppDelegate.swift; sourceTree = "<group>"; };
		8DF2030E204C77CE00C5C59C /* Base */ = {isa = PBXFileReference; lastKnownFileType = file.storyboard; name = Base; path = Base.lproj/Main.storyboard; sourceTree = "<group>"; };
		8DF20311204C77CE00C5C59C /* PregBuddy_Tweets.xcdatamodel */ = {isa = PBXFileReference; lastKnownFileType = wrapper.xcdatamodel; path = PregBuddy_Tweets.xcdatamodel; sourceTree = "<group>"; };
		8DF20313204C77CE00C5C59C /* Assets.xcassets */ = {isa = PBXFileReference; lastKnownFileType = folder.assetcatalog; path = Assets.xcassets; sourceTree = "<group>"; };
		8DF20316204C77CE00C5C59C /* Base */ = {isa = PBXFileReference; lastKnownFileType = file.storyboard; name = Base; path = Base.lproj/LaunchScreen.storyboard; sourceTree = "<group>"; };
		8DF20318204C77CE00C5C59C /* Info.plist */ = {isa = PBXFileReference; lastKnownFileType = text.plist.xml; path = Info.plist; sourceTree = "<group>"; };
		8DF20322204C956E00C5C59C /* HomeVC.swift */ = {isa = PBXFileReference; lastKnownFileType = sourcecode.swift; path = HomeVC.swift; sourceTree = "<group>"; };
		8DF20324204C959C00C5C59C /* BookmarkVC.swift */ = {isa = PBXFileReference; lastKnownFileType = sourcecode.swift; path = BookmarkVC.swift; sourceTree = "<group>"; };
		8DF20326204C95F600C5C59C /* TweetCell.swift */ = {isa = PBXFileReference; lastKnownFileType = sourcecode.swift; path = TweetCell.swift; sourceTree = "<group>"; };
		8DF20328204C9CE700C5C59C /* TabBarVC.swift */ = {isa = PBXFileReference; lastKnownFileType = sourcecode.swift; path = TabBarVC.swift; sourceTree = "<group>"; };
		8DFB6E8A204D1156008B7DD3 /* twitterAPI.swift */ = {isa = PBXFileReference; lastKnownFileType = sourcecode.swift; path = twitterAPI.swift; sourceTree = "<group>"; };
		8DFB6E8C204D1293008B7DD3 /* tweetModel.swift */ = {isa = PBXFileReference; lastKnownFileType = sourcecode.swift; path = tweetModel.swift; sourceTree = "<group>"; };
		9CC1AB1C7E34E89500F9DE49 /* Pods-PregBuddy Tweets.release.xcconfig */ = {isa = PBXFileReference; includeInIndex = 1; lastKnownFileType = text.xcconfig; name = "Pods-PregBuddy Tweets.release.xcconfig"; path = "Pods/Target Support Files/Pods-PregBuddy Tweets/Pods-PregBuddy Tweets.release.xcconfig"; sourceTree = "<group>"; };
		D5270207403A07D0D4B78960 /* Pods_PregBuddy_Tweets.framework */ = {isa = PBXFileReference; explicitFileType = wrapper.framework; includeInIndex = 0; path = Pods_PregBuddy_Tweets.framework; sourceTree = BUILT_PRODUCTS_DIR; };
		E9845D6AFE8C89BBA0714119 /* Pods-PregBuddy Tweets.debug.xcconfig */ = {isa = PBXFileReference; includeInIndex = 1; lastKnownFileType = text.xcconfig; name = "Pods-PregBuddy Tweets.debug.xcconfig"; path = "Pods/Target Support Files/Pods-PregBuddy Tweets/Pods-PregBuddy Tweets.debug.xcconfig"; sourceTree = "<group>"; };
/* End PBXFileReference section */

/* Begin PBXFrameworksBuildPhase section */
		8DF20303204C77CE00C5C59C /* Frameworks */ = {
			isa = PBXFrameworksBuildPhase;
			buildActionMask = 2147483647;
			files = (
				77B84881278C417747E5722E /* Pods_PregBuddy_Tweets.framework in Frameworks */,
			);
			runOnlyForDeploymentPostprocessing = 0;
		};
/* End PBXFrameworksBuildPhase section */

/* Begin PBXGroup section */
		2ECE7430C49E8A58616BA856 /* Frameworks */ = {
			isa = PBXGroup;
			children = (
				D5270207403A07D0D4B78960 /* Pods_PregBuddy_Tweets.framework */,
			);
			name = Frameworks;
			sourceTree = "<group>";
		};
		6956F060BE4FE3E5BB56982C /* Pods */ = {
			isa = PBXGroup;
			children = (
				E9845D6AFE8C89BBA0714119 /* Pods-PregBuddy Tweets.debug.xcconfig */,
				9CC1AB1C7E34E89500F9DE49 /* Pods-PregBuddy Tweets.release.xcconfig */,
			);
			name = Pods;
			sourceTree = "<group>";
		};
		8DF202FD204C77CE00C5C59C = {
			isa = PBXGroup;
			children = (
				8DF20308204C77CE00C5C59C /* PregBuddy Tweets */,
				8DF20307204C77CE00C5C59C /* Products */,
				6956F060BE4FE3E5BB56982C /* Pods */,
				2ECE7430C49E8A58616BA856 /* Frameworks */,
			);
			sourceTree = "<group>";
		};
		8DF20307204C77CE00C5C59C /* Products */ = {
			isa = PBXGroup;
			children = (
				8DF20306204C77CE00C5C59C /* PregBuddy Tweets.app */,
			);
			name = Products;
			sourceTree = "<group>";
		};
		8DF20308204C77CE00C5C59C /* PregBuddy Tweets */ = {
			isa = PBXGroup;
			children = (
				8DF20309204C77CE00C5C59C /* AppDelegate.swift */,
				8DF20328204C9CE700C5C59C /* TabBarVC.swift */,
				8DF20322204C956E00C5C59C /* HomeVC.swift */,
				8DF20324204C959C00C5C59C /* BookmarkVC.swift */,
				8DF20326204C95F600C5C59C /* TweetCell.swift */,
				8DFB6E8A204D1156008B7DD3 /* twitterAPI.swift */,
				8DFB6E8C204D1293008B7DD3 /* tweetModel.swift */,
				8DF2030D204C77CE00C5C59C /* Main.storyboard */,
				8DF20313204C77CE00C5C59C /* Assets.xcassets */,
				8DF20315204C77CE00C5C59C /* LaunchScreen.storyboard */,
				8DF20318204C77CE00C5C59C /* Info.plist */,
				8DF20310204C77CE00C5C59C /* PregBuddy_Tweets.xcdatamodeld */,
			);
			path = "PregBuddy Tweets";
			sourceTree = "<group>";
		};
/* End PBXGroup section */

/* Begin PBXNativeTarget section */
		8DF20305204C77CE00C5C59C /* PregBuddy Tweets */ = {
			isa = PBXNativeTarget;
			buildConfigurationList = 8DF2031B204C77CE00C5C59C /* Build configuration list for PBXNativeTarget "PregBuddy Tweets" */;
			buildPhases = (
				2BA2BF081E26648766494EBD /* [CP] Check Pods Manifest.lock */,
				8DF20302204C77CE00C5C59C /* Sources */,
				8DF20303204C77CE00C5C59C /* Frameworks */,
				8DF20304204C77CE00C5C59C /* Resources */,
				F50B380AE5F9DB3FF82FC73A /* [CP] Embed Pods Frameworks */,
				5E045E1EA9B3C9368AD4CA46 /* [CP] Copy Pods Resources */,
			);
			buildRules = (
			);
			dependencies = (
			);
			name = "PregBuddy Tweets";
			productName = "PregBuddy Tweets";
			productReference = 8DF20306204C77CE00C5C59C /* PregBuddy Tweets.app */;
			productType = "com.apple.product-type.application";
		};
/* End PBXNativeTarget section */

/* Begin PBXProject section */
		8DF202FE204C77CE00C5C59C /* Project object */ = {
			isa = PBXProject;
			attributes = {
				LastSwiftUpdateCheck = 0920;
				LastUpgradeCheck = 0920;
				ORGANIZATIONNAME = PregBuddy;
				TargetAttributes = {
					8DF20305204C77CE00C5C59C = {
						CreatedOnToolsVersion = 9.2;
						ProvisioningStyle = Automatic;
					};
				};
			};
			buildConfigurationList = 8DF20301204C77CE00C5C59C /* Build configuration list for PBXProject "PregBuddy Tweets" */;
			compatibilityVersion = "Xcode 8.0";
			developmentRegion = en;
			hasScannedForEncodings = 0;
			knownRegions = (
				en,
				Base,
			);
			mainGroup = 8DF202FD204C77CE00C5C59C;
			productRefGroup = 8DF20307204C77CE00C5C59C /* Products */;
			projectDirPath = "";
			projectRoot = "";
			targets = (
				8DF20305204C77CE00C5C59C /* PregBuddy Tweets */,
			);
		};
/* End PBXProject section */

/* Begin PBXResourcesBuildPhase section */
		8DF20304204C77CE00C5C59C /* Resources */ = {
			isa = PBXResourcesBuildPhase;
			buildActionMask = 2147483647;
			files = (
				8DF20317204C77CE00C5C59C /* LaunchScreen.storyboard in Resources */,
				8DF20314204C77CE00C5C59C /* Assets.xcassets in Resources */,
				8DF2030F204C77CE00C5C59C /* Main.storyboard in Resources */,
			);
			runOnlyForDeploymentPostprocessing = 0;
		};
/* End PBXResourcesBuildPhase section */

/* Begin PBXShellScriptBuildPhase section */
		2BA2BF081E26648766494EBD /* [CP] Check Pods Manifest.lock */ = {
			isa = PBXShellScriptBuildPhase;
			buildActionMask = 2147483647;
			files = (
			);
			inputPaths = (
				"${PODS_PODFILE_DIR_PATH}/Podfile.lock",
				"${PODS_ROOT}/Manifest.lock",
			);
			name = "[CP] Check Pods Manifest.lock";
			outputPaths = (
				"$(DERIVED_FILE_DIR)/Pods-PregBuddy Tweets-checkManifestLockResult.txt",
			);
			runOnlyForDeploymentPostprocessing = 0;
			shellPath = /bin/sh;
			shellScript = "diff \"${PODS_PODFILE_DIR_PATH}/Podfile.lock\" \"${PODS_ROOT}/Manifest.lock\" > /dev/null\nif [ $? != 0 ] ; then\n    # print error to STDERR\n    echo \"error: The sandbox is not in sync with the Podfile.lock. Run 'pod install' or update your CocoaPods installation.\" >&2\n    exit 1\nfi\n# This output is used by Xcode 'outputs' to avoid re-running this script phase.\necho \"SUCCESS\" > \"${SCRIPT_OUTPUT_FILE_0}\"\n";
			showEnvVarsInLog = 0;
		};
		5E045E1EA9B3C9368AD4CA46 /* [CP] Copy Pods Resources */ = {
			isa = PBXShellScriptBuildPhase;
			buildActionMask = 2147483647;
			files = (
			);
			inputPaths = (
			);
			name = "[CP] Copy Pods Resources";
			outputPaths = (
			);
			runOnlyForDeploymentPostprocessing = 0;
			shellPath = /bin/sh;
			shellScript = "\"${SRCROOT}/Pods/Target Support Files/Pods-PregBuddy Tweets/Pods-PregBuddy Tweets-resources.sh\"\n";
			showEnvVarsInLog = 0;
		};
		F50B380AE5F9DB3FF82FC73A /* [CP] Embed Pods Frameworks */ = {
			isa = PBXShellScriptBuildPhase;
			buildActionMask = 2147483647;
			files = (
			);
			inputPaths = (
				"${SRCROOT}/Pods/Target Support Files/Pods-PregBuddy Tweets/Pods-PregBuddy Tweets-frameworks.sh",
				"${BUILT_PRODUCTS_DIR}/Alamofire/Alamofire.framework",
				"${BUILT_PRODUCTS_DIR}/SwiftyJSON/SwiftyJSON.framework",
			);
			name = "[CP] Embed Pods Frameworks";
			outputPaths = (
				"${TARGET_BUILD_DIR}/${FRAMEWORKS_FOLDER_PATH}/Alamofire.framework",
				"${TARGET_BUILD_DIR}/${FRAMEWORKS_FOLDER_PATH}/SwiftyJSON.framework",
			);
			runOnlyForDeploymentPostprocessing = 0;
			shellPath = /bin/sh;
			shellScript = "\"${SRCROOT}/Pods/Target Support Files/Pods-PregBuddy Tweets/Pods-PregBuddy Tweets-frameworks.sh\"\n";
			showEnvVarsInLog = 0;
		};
/* End PBXShellScriptBuildPhase section */

/* Begin PBXSourcesBuildPhase section */
		8DF20302204C77CE00C5C59C /* Sources */ = {
			isa = PBXSourcesBuildPhase;
			buildActionMask = 2147483647;
			files = (
				8DF20323204C956E00C5C59C /* HomeVC.swift in Sources */,
				8DF20312204C77CE00C5C59C /* PregBuddy_Tweets.xcdatamodeld in Sources */,
				8DF20327204C95F600C5C59C /* TweetCell.swift in Sources */,
				8DF20325204C959C00C5C59C /* BookmarkVC.swift in Sources */,
				8DF20329204C9CE700C5C59C /* TabBarVC.swift in Sources */,
				8DFB6E8D204D1293008B7DD3 /* tweetModel.swift in Sources */,
				8DF2030A204C77CE00C5C59C /* AppDelegate.swift in Sources */,
				8DFB6E8B204D1156008B7DD3 /* twitterAPI.swift in Sources */,
			);
			runOnlyForDeploymentPostprocessing = 0;
		};
/* End PBXSourcesBuildPhase section */

/* Begin PBXVariantGroup section */
		8DF2030D204C77CE00C5C59C /* Main.storyboard */ = {
			isa = PBXVariantGroup;
			children = (
				8DF2030E204C77CE00C5C59C /* Base */,
			);
			name = Main.storyboard;
			sourceTree = "<group>";
		};
		8DF20315204C77CE00C5C59C /* LaunchScreen.storyboard */ = {
			isa = PBXVariantGroup;
			children = (
				8DF20316204C77CE00C5C59C /* Base */,
			);
			name = LaunchScreen.storyboard;
			sourceTree = "<group>";
		};
/* End PBXVariantGroup section */

/* Begin XCBuildConfiguration section */
		8DF20319204C77CE00C5C59C /* Debug */ = {
			isa = XCBuildConfiguration;
			buildSettings = {
				ALWAYS_SEARCH_USER_PATHS = NO;
				CLANG_ANALYZER_NONNULL = YES;
				CLANG_ANALYZER_NUMBER_OBJECT_CONVERSION = YES_AGGRESSIVE;
				CLANG_CXX_LANGUAGE_STANDARD = "gnu++14";
				CLANG_CXX_LIBRARY = "libc++";
				CLANG_ENABLE_MODULES = YES;
				CLANG_ENABLE_OBJC_ARC = YES;
				CLANG_WARN_BLOCK_CAPTURE_AUTORELEASING = YES;
				CLANG_WARN_BOOL_CONVERSION = YES;
				CLANG_WARN_COMMA = YES;
				CLANG_WARN_CONSTANT_CONVERSION = YES;
				CLANG_WARN_DIRECT_OBJC_ISA_USAGE = YES_ERROR;
				CLANG_WARN_DOCUMENTATION_COMMENTS = YES;
				CLANG_WARN_EMPTY_BODY = YES;
				CLANG_WARN_ENUM_CONVERSION = YES;
				CLANG_WARN_INFINITE_RECURSION = YES;
				CLANG_WARN_INT_CONVERSION = YES;
				CLANG_WARN_NON_LITERAL_NULL_CONVERSION = YES;
				CLANG_WARN_OBJC_LITERAL_CONVERSION = YES;
				CLANG_WARN_OBJC_ROOT_CLASS = YES_ERROR;
				CLANG_WARN_RANGE_LOOP_ANALYSIS = YES;
				CLANG_WARN_STRICT_PROTOTYPES = YES;
				CLANG_WARN_SUSPICIOUS_MOVE = YES;
				CLANG_WARN_UNGUARDED_AVAILABILITY = YES_AGGRESSIVE;
				CLANG_WARN_UNREACHABLE_CODE = YES;
				CLANG_WARN__DUPLICATE_METHOD_MATCH = YES;
				CODE_SIGN_IDENTITY = "iPhone Developer";
				COPY_PHASE_STRIP = NO;
				DEBUG_INFORMATION_FORMAT = dwarf;
				ENABLE_STRICT_OBJC_MSGSEND = YES;
				ENABLE_TESTABILITY = YES;
				GCC_C_LANGUAGE_STANDARD = gnu11;
				GCC_DYNAMIC_NO_PIC = NO;
				GCC_NO_COMMON_BLOCKS = YES;
				GCC_OPTIMIZATION_LEVEL = 0;
				GCC_PREPROCESSOR_DEFINITIONS = (
					"DEBUG=1",
					"$(inherited)",
				);
				GCC_WARN_64_TO_32_BIT_CONVERSION = YES;
				GCC_WARN_ABOUT_RETURN_TYPE = YES_ERROR;
				GCC_WARN_UNDECLARED_SELECTOR = YES;
				GCC_WARN_UNINITIALIZED_AUTOS = YES_AGGRESSIVE;
				GCC_WARN_UNUSED_FUNCTION = YES;
				GCC_WARN_UNUSED_VARIABLE = YES;
				IPHONEOS_DEPLOYMENT_TARGET = 11.2;
				MTL_ENABLE_DEBUG_INFO = YES;
				ONLY_ACTIVE_ARCH = YES;
				SDKROOT = iphoneos;
				SWIFT_ACTIVE_COMPILATION_CONDITIONS = DEBUG;
				SWIFT_OPTIMIZATION_LEVEL = "-Onone";
			};
			name = Debug;
		};
		8DF2031A204C77CE00C5C59C /* Release */ = {
			isa = XCBuildConfiguration;
			buildSettings = {
				ALWAYS_SEARCH_USER_PATHS = NO;
				CLANG_ANALYZER_NONNULL = YES;
				CLANG_ANALYZER_NUMBER_OBJECT_CONVERSION = YES_AGGRESSIVE;
				CLANG_CXX_LANGUAGE_STANDARD = "gnu++14";
				CLANG_CXX_LIBRARY = "libc++";
				CLANG_ENABLE_MODULES = YES;
				CLANG_ENABLE_OBJC_ARC = YES;
				CLANG_WARN_BLOCK_CAPTURE_AUTORELEASING = YES;
				CLANG_WARN_BOOL_CONVERSION = YES;
				CLANG_WARN_COMMA = YES;
				CLANG_WARN_CONSTANT_CONVERSION = YES;
				CLANG_WARN_DIRECT_OBJC_ISA_USAGE = YES_ERROR;
				CLANG_WARN_DOCUMENTATION_COMMENTS = YES;
				CLANG_WARN_EMPTY_BODY = YES;
				CLANG_WARN_ENUM_CONVERSION = YES;
				CLANG_WARN_INFINITE_RECURSION = YES;
				CLANG_WARN_INT_CONVERSION = YES;
				CLANG_WARN_NON_LITERAL_NULL_CONVERSION = YES;
				CLANG_WARN_OBJC_LITERAL_CONVERSION = YES;
				CLANG_WARN_OBJC_ROOT_CLASS = YES_ERROR;
				CLANG_WARN_RANGE_LOOP_ANALYSIS = YES;
				CLANG_WARN_STRICT_PROTOTYPES = YES;
				CLANG_WARN_SUSPICIOUS_MOVE = YES;
				CLANG_WARN_UNGUARDED_AVAILABILITY = YES_AGGRESSIVE;
				CLANG_WARN_UNREACHABLE_CODE = YES;
				CLANG_WARN__DUPLICATE_METHOD_MATCH = YES;
				CODE_SIGN_IDENTITY = "iPhone Developer";
				COPY_PHASE_STRIP = NO;
				DEBUG_INFORMATION_FORMAT = "dwarf-with-dsym";
				ENABLE_NS_ASSERTIONS = NO;
				ENABLE_STRICT_OBJC_MSGSEND = YES;
				GCC_C_LANGUAGE_STANDARD = gnu11;
				GCC_NO_COMMON_BLOCKS = YES;
				GCC_WARN_64_TO_32_BIT_CONVERSION = YES;
				GCC_WARN_ABOUT_RETURN_TYPE = YES_ERROR;
				GCC_WARN_UNDECLARED_SELECTOR = YES;
				GCC_WARN_UNINITIALIZED_AUTOS = YES_AGGRESSIVE;
				GCC_WARN_UNUSED_FUNCTION = YES;
				GCC_WARN_UNUSED_VARIABLE = YES;
				IPHONEOS_DEPLOYMENT_TARGET = 11.2;
				MTL_ENABLE_DEBUG_INFO = NO;
				SDKROOT = iphoneos;
				SWIFT_OPTIMIZATION_LEVEL = "-Owholemodule";
				VALIDATE_PRODUCT = YES;
			};
			name = Release;
		};
		8DF2031C204C77CE00C5C59C /* Debug */ = {
			isa = XCBuildConfiguration;
			baseConfigurationReference = E9845D6AFE8C89BBA0714119 /* Pods-PregBuddy Tweets.debug.xcconfig */;
			buildSettings = {
				ASSETCATALOG_COMPILER_APPICON_NAME = AppIcon;
				CODE_SIGN_STYLE = Automatic;
				INFOPLIST_FILE = "PregBuddy Tweets/Info.plist";
				LD_RUNPATH_SEARCH_PATHS = "$(inherited) @executable_path/Frameworks";
				PRODUCT_BUNDLE_IDENTIFIER = com.pregbuddy.tweets;
				PRODUCT_NAME = "$(TARGET_NAME)";
				SWIFT_VERSION = 4.0;
				TARGETED_DEVICE_FAMILY = "1,2";
			};
			name = Debug;
		};
		8DF2031D204C77CE00C5C59C /* Release */ = {
			isa = XCBuildConfiguration;
			baseConfigurationReference = 9CC1AB1C7E34E89500F9DE49 /* Pods-PregBuddy Tweets.release.xcconfig */;
			buildSettings = {
				ASSETCATALOG_COMPILER_APPICON_NAME = AppIcon;
				CODE_SIGN_STYLE = Automatic;
				INFOPLIST_FILE = "PregBuddy Tweets/Info.plist";
				LD_RUNPATH_SEARCH_PATHS = "$(inherited) @executable_path/Frameworks";
				PRODUCT_BUNDLE_IDENTIFIER = com.pregbuddy.tweets;
				PRODUCT_NAME = "$(TARGET_NAME)";
				SWIFT_VERSION = 4.0;
				TARGETED_DEVICE_FAMILY = "1,2";
			};
			name = Release;
		};
/* End XCBuildConfiguration section */

/* Begin XCConfigurationList section */
		8DF20301204C77CE00C5C59C /* Build configuration list for PBXProject "PregBuddy Tweets" */ = {
			isa = XCConfigurationList;
			buildConfigurations = (
				8DF20319204C77CE00C5C59C /* Debug */,
				8DF2031A204C77CE00C5C59C /* Release */,
			);
			defaultConfigurationIsVisible = 0;
			defaultConfigurationName = Release;
		};
		8DF2031B204C77CE00C5C59C /* Build configuration list for PBXNativeTarget "PregBuddy Tweets" */ = {
			isa = XCConfigurationList;
			buildConfigurations = (
				8DF2031C204C77CE00C5C59C /* Debug */,
				8DF2031D204C77CE00C5C59C /* Release */,
			);
			defaultConfigurationIsVisible = 0;
			defaultConfigurationName = Release;
		};
/* End XCConfigurationList section */

/* Begin XCVersionGroup section */
		8DF20310204C77CE00C5C59C /* PregBuddy_Tweets.xcdatamodeld */ = {
			isa = XCVersionGroup;
			children = (
				8DF20311204C77CE00C5C59C /* PregBuddy_Tweets.xcdatamodel */,
			);
			currentVersion = 8DF20311204C77CE00C5C59C /* PregBuddy_Tweets.xcdatamodel */;
			path = PregBuddy_Tweets.xcdatamodeld;
			sourceTree = "<group>";
			versionGroupType = wrapper.xcdatamodel;
		};
/* End XCVersionGroup section */
	};
	rootObject = 8DF202FE204C77CE00C5C59C /* Project object */;
}
