// !$*UTF8*$!
{
	archiveVersion = 1;
	classes = {
	};
	objectVersion = 48;
	objects = {

/* Begin PBXBuildFile section */
		8DF2030A204C77CE00C5C59C /* AppDelegate.swift in Sources */ = {isa = PBXBuildFile; fileRef = 8DF20309204C77CE00C5C59C /* AppDelegate.swift */; };
		8DF2030C204C77CE00C5C59C /* ViewController.swift in Sources */ = {isa = PBXBuildFile; fileRef = 8DF2030B204C77CE00C5C59C /* ViewController.swift */; };
		8DF2030F204C77CE00C5C59C /* Main.storyboard in Resources */ = {isa = PBXBuildFile; fileRef = 8DF2030D204C77CE00C5C59C /* Main.storyboard */; };
		8DF20312204C77CE00C5C59C /* PregBuddy_Tweets.xcdatamodeld in Sources */ = {isa = PBXBuildFile; fileRef = 8DF20310204C77CE00C5C59C /* PregBuddy_Tweets.xcdatamodeld */; };
		8DF20314204C77CE00C5C59C /* Assets.xcassets in Resources */ = {isa = PBXBuildFile; fileRef = 8DF20313204C77CE00C5C59C /* Assets.xcassets */; };
		8DF20317204C77CE00C5C59C /* LaunchScreen.storyboard in Resources */ = {isa = PBXBuildFile; fileRef = 8DF20315204C77CE00C5C59C /* LaunchScreen.storyboard */; };
/* End PBXBuildFile section */

/* Begin PBXFileReference section */
		8DF20306204C77CE00C5C59C /* PregBuddy Tweets.app */ = {isa = PBXFileReference; explicitFileType = wrapper.application; includeInIndex = 0; path = "PregBuddy Tweets.app"; sourceTree = BUILT_PRODUCTS_DIR; };
		8DF20309204C77CE00C5C59C /* AppDelegate.swift */ = {isa = PBXFileReference; lastKnownFileType = sourcecode.swift; path = AppDelegate.swift; sourceTree = "<group>"; };
		8DF2030B204C77CE00C5C59C /* ViewController.swift */ = {isa = PBXFileReference; lastKnownFileType = sourcecode.swift; path = ViewController.swift; sourceTree = "<group>"; };
		8DF2030E204C77CE00C5C59C /* Base */ = {isa = PBXFileReference; lastKnownFileType = file.storyboard; name = Base; path = Base.lproj/Main.storyboard; sourceTree = "<group>"; };
		8DF20311204C77CE00C5C59C /* PregBuddy_Tweets.xcdatamodel */ = {isa = PBXFileReference; lastKnownFileType = wrapper.xcdatamodel; path = PregBuddy_Tweets.xcdatamodel; sourceTree = "<group>"; };
		8DF20313204C77CE00C5C59C /* Assets.xcassets */ = {isa = PBXFileReference; lastKnownFileType = folder.assetcatalog; path = Assets.xcassets; sourceTree = "<group>"; };
		8DF20316204C77CE00C5C59C /* Base */ = {isa = PBXFileReference; lastKnownFileType = file.storyboard; name = Base; path = Base.lproj/LaunchScreen.storyboard; sourceTree = "<group>"; };
		8DF20318204C77CE00C5C59C /* Info.plist */ = {isa = PBXFileReference; lastKnownFileType = text.plist.xml; path = Info.plist; sourceTree = "<group>"; };
/* End PBXFileReference section */

/* Begin PBXFrameworksBuildPhase section */
		8DF20303204C77CE00C5C59C /* Frameworks */ = {
			isa = PBXFrameworksBuildPhase;
			buildActionMask = 2147483647;
			files = (
			);
			runOnlyForDeploymentPostprocessing = 0;
		};
/* End PBXFrameworksBuildPhase section */

/* Begin PBXGroup section */
		8DF202FD204C77CE00C5C59C = {
			isa = PBXGroup;
			children = (
				8DF20308204C77CE00C5C59C /* PregBuddy Tweets */,
				8DF20307204C77CE00C5C59C /* Products */,
			);
			sourceTree = "<group>";
		};
		8DF20307204C77CE00C5C59C /* Products */ = {
			isa = PBXGroup;
			children = (
				8DF20306204C77CE00C5C59C /* PregBuddy Tweets.app */,
			);
			name = Products;
			sourceTree = "<group>";
		};
		8DF20308204C77CE00C5C59C /* PregBuddy Tweets */ = {
			isa = PBXGroup;
			children = (
				8DF20309204C77CE00C5C59C /* AppDelegate.swift */,
				8DF2030B204C77CE00C5C59C /* ViewController.swift */,
				8DF2030D204C77CE00C5C59C /* Main.storyboard */,
				8DF20313204C77CE00C5C59C /* Assets.xcassets */,
				8DF20315204C77CE00C5C59C /* LaunchScreen.storyboard */,
				8DF20318204C77CE00C5C59C /* Info.plist */,
				8DF20310204C77CE00C5C59C /* PregBuddy_Tweets.xcdatamodeld */,
			);
			path = "PregBuddy Tweets";
			sourceTree = "<group>";
		};
/* End PBXGroup section */

/* Begin PBXNativeTarget section */
		8DF20305204C77CE00C5C59C /* PregBuddy Tweets */ = {
			isa = PBXNativeTarget;
			buildConfigurationList = 8DF2031B204C77CE00C5C59C /* Build configuration list for PBXNativeTarget "PregBuddy Tweets" */;
			buildPhases = (
				8DF20302204C77CE00C5C59C /* Sources */,
				8DF20303204C77CE00C5C59C /* Frameworks */,
				8DF20304204C77CE00C5C59C /* Resources */,
			);
			buildRules = (
			);
			dependencies = (
			);
			name = "PregBuddy Tweets";
			productName = "PregBuddy Tweets";
			productReference = 8DF20306204C77CE00C5C59C /* PregBuddy Tweets.app */;
			productType = "com.apple.product-type.application";
		};
/* End PBXNativeTarget section */

/* Begin PBXProject section */
		8DF202FE204C77CE00C5C59C /* Project object */ = {
			isa = PBXProject;
			attributes = {
				LastSwiftUpdateCheck = 0920;
				LastUpgradeCheck = 0920;
				ORGANIZATIONNAME = PregBuddy;
				TargetAttributes = {
					8DF20305204C77CE00C5C59C = {
						CreatedOnToolsVersion = 9.2;
						ProvisioningStyle = Automatic;
					};
				};
			};
			buildConfigurationList = 8DF20301204C77CE00C5C59C /* Build configuration list for PBXProject "PregBuddy Tweets" */;
			compatibilityVersion = "Xcode 8.0";
			developmentRegion = en;
			hasScannedForEncodings = 0;
			knownRegions = (
				en,
				Base,
			);
			mainGroup = 8DF202FD204C77CE00C5C59C;
			productRefGroup = 8DF20307204C77CE00C5C59C /* Products */;
			projectDirPath = "";
			projectRoot = "";
			targets = (
				8DF20305204C77CE00C5C59C /* PregBuddy Tweets */,
			);
		};
/* End PBXProject section */

/* Begin PBXResourcesBuildPhase section */
		8DF20304204C77CE00C5C59C /* Resources */ = {
			isa = PBXResourcesBuildPhase;
			buildActionMask = 2147483647;
			files = (
				8DF20317204C77CE00C5C59C /* LaunchScreen.storyboard in Resources */,
				8DF20314204C77CE00C5C59C /* Assets.xcassets in Resources */,
				8DF2030F204C77CE00C5C59C /* Main.storyboard in Resources */,
			);
			runOnlyForDeploymentPostprocessing = 0;
		};
/* End PBXResourcesBuildPhase section */

/* Begin PBXSourcesBuildPhase section */
		8DF20302204C77CE00C5C59C /* Sources */ = {
			isa = PBXSourcesBuildPhase;
			buildActionMask = 2147483647;
			files = (
				8DF20312204C77CE00C5C59C /* PregBuddy_Tweets.xcdatamodeld in Sources */,
				8DF2030C204C77CE00C5C59C /* ViewController.swift in Sources */,
				8DF2030A204C77CE00C5C59C /* AppDelegate.swift in Sources */,
			);
			runOnlyForDeploymentPostprocessing = 0;
		};
/* End PBXSourcesBuildPhase section */

/* Begin PBXVariantGroup section */
		8DF2030D204C77CE00C5C59C /* Main.storyboard */ = {
			isa = PBXVariantGroup;
			children = (
				8DF2030E204C77CE00C5C59C /* Base */,
			);
			name = Main.storyboard;
			sourceTree = "<group>";
		};
		8DF20315204C77CE00C5C59C /* LaunchScreen.storyboard */ = {
			isa = PBXVariantGroup;
			children = (
				8DF20316204C77CE00C5C59C /* Base */,
			);
			name = LaunchScreen.storyboard;
			sourceTree = "<group>";
		};
/* End PBXVariantGroup section */

/* Begin XCBuildConfiguration section */
		8DF20319204C77CE00C5C59C /* Debug */ = {
			isa = XCBuildConfiguration;
			buildSettings = {
				ALWAYS_SEARCH_USER_PATHS = NO;
				CLANG_ANALYZER_NONNULL = YES;
				CLANG_ANALYZER_NUMBER_OBJECT_CONVERSION = YES_AGGRESSIVE;
				CLANG_CXX_LANGUAGE_STANDARD = "gnu++14";
				CLANG_CXX_LIBRARY = "libc++";
				CLANG_ENABLE_MODULES = YES;
				CLANG_ENABLE_OBJC_ARC = YES;
				CLANG_WARN_BLOCK_CAPTURE_AUTORELEASING = YES;
				CLANG_WARN_BOOL_CONVERSION = YES;
				CLANG_WARN_COMMA = YES;
				CLANG_WARN_CONSTANT_CONVERSION = YES;
				CLANG_WARN_DIRECT_OBJC_ISA_USAGE = YES_ERROR;
				CLANG_WARN_DOCUMENTATION_COMMENTS = YES;
				CLANG_WARN_EMPTY_BODY = YES;
				CLANG_WARN_ENUM_CONVERSION = YES;
				CLANG_WARN_INFINITE_RECURSION = YES;
				CLANG_WARN_INT_CONVERSION = YES;
				CLANG_WARN_NON_LITERAL_NULL_CONVERSION = YES;
				CLANG_WARN_OBJC_LITERAL_CONVERSION = YES;
				CLANG_WARN_OBJC_ROOT_CLASS = YES_ERROR;
				CLANG_WARN_RANGE_LOOP_ANALYSIS = YES;
				CLANG_WARN_STRICT_PROTOTYPES = YES;
				CLANG_WARN_SUSPICIOUS_MOVE = YES;
				CLANG_WARN_UNGUARDED_AVAILABILITY = YES_AGGRESSIVE;
				CLANG_WARN_UNREACHABLE_CODE = YES;
				CLANG_WARN__DUPLICATE_METHOD_MATCH = YES;
				CODE_SIGN_IDENTITY = "iPhone Developer";
				COPY_PHASE_STRIP = NO;
				DEBUG_INFORMATION_FORMAT = dwarf;
				ENABLE_STRICT_OBJC_MSGSEND = YES;
				ENABLE_TESTABILITY = YES;
				GCC_C_LANGUAGE_STANDARD = gnu11;
				GCC_DYNAMIC_NO_PIC = NO;
				GCC_NO_COMMON_BLOCKS = YES;
				GCC_OPTIMIZATION_LEVEL = 0;
				GCC_PREPROCESSOR_DEFINITIONS = (
					"DEBUG=1",
					"$(inherited)",
				);
				GCC_WARN_64_TO_32_BIT_CONVERSION = YES;
				GCC_WARN_ABOUT_RETURN_TYPE = YES_ERROR;
				GCC_WARN_UNDECLARED_SELECTOR = YES;
				GCC_WARN_UNINITIALIZED_AUTOS = YES_AGGRESSIVE;
				GCC_WARN_UNUSED_FUNCTION = YES;
				GCC_WARN_UNUSED_VARIABLE = YES;
				IPHONEOS_DEPLOYMENT_TARGET = 11.2;
				MTL_ENABLE_DEBUG_INFO = YES;
				ONLY_ACTIVE_ARCH = YES;
				SDKROOT = iphoneos;
				SWIFT_ACTIVE_COMPILATION_CONDITIONS = DEBUG;
				SWIFT_OPTIMIZATION_LEVEL = "-Onone";
			};
			name = Debug;
		};
		8DF2031A204C77CE00C5C59C /* Release */ = {
			isa = XCBuildConfiguration;
			buildSettings = {
				ALWAYS_SEARCH_USER_PATHS = NO;
				CLANG_ANALYZER_NONNULL = YES;
				CLANG_ANALYZER_NUMBER_OBJECT_CONVERSION = YES_AGGRESSIVE;
				CLANG_CXX_LANGUAGE_STANDARD = "gnu++14";
				CLANG_CXX_LIBRARY = "libc++";
				CLANG_ENABLE_MODULES = YES;
				CLANG_ENABLE_OBJC_ARC = YES;
				CLANG_WARN_BLOCK_CAPTURE_AUTORELEASING = YES;
				CLANG_WARN_BOOL_CONVERSION = YES;
				CLANG_WARN_COMMA = YES;
				CLANG_WARN_CONSTANT_CONVERSION = YES;
				CLANG_WARN_DIRECT_OBJC_ISA_USAGE = YES_ERROR;
				CLANG_WARN_DOCUMENTATION_COMMENTS = YES;
				CLANG_WARN_EMPTY_BODY = YES;
				CLANG_WARN_ENUM_CONVERSION = YES;
				CLANG_WARN_INFINITE_RECURSION = YES;
				CLANG_WARN_INT_CONVERSION = YES;
				CLANG_WARN_NON_LITERAL_NULL_CONVERSION = YES;
				CLANG_WARN_OBJC_LITERAL_CONVERSION = YES;
				CLANG_WARN_OBJC_ROOT_CLASS = YES_ERROR;
				CLANG_WARN_RANGE_LOOP_ANALYSIS = YES;
				CLANG_WARN_STRICT_PROTOTYPES = YES;
				CLANG_WARN_SUSPICIOUS_MOVE = YES;
				CLANG_WARN_UNGUARDED_AVAILABILITY = YES_AGGRESSIVE;
				CLANG_WARN_UNREACHABLE_CODE = YES;
				CLANG_WARN__DUPLICATE_METHOD_MATCH = YES;
				CODE_SIGN_IDENTITY = "iPhone Developer";
				COPY_PHASE_STRIP = NO;
				DEBUG_INFORMATION_FORMAT = "dwarf-with-dsym";
				ENABLE_NS_ASSERTIONS = NO;
				ENABLE_STRICT_OBJC_MSGSEND = YES;
				GCC_C_LANGUAGE_STANDARD = gnu11;
				GCC_NO_COMMON_BLOCKS = YES;
				GCC_WARN_64_TO_32_BIT_CONVERSION = YES;
				GCC_WARN_ABOUT_RETURN_TYPE = YES_ERROR;
				GCC_WARN_UNDECLARED_SELECTOR = YES;
				GCC_WARN_UNINITIALIZED_AUTOS = YES_AGGRESSIVE;
				GCC_WARN_UNUSED_FUNCTION = YES;
				GCC_WARN_UNUSED_VARIABLE = YES;
				IPHONEOS_DEPLOYMENT_TARGET = 11.2;
				MTL_ENABLE_DEBUG_INFO = NO;
				SDKROOT = iphoneos;
				SWIFT_OPTIMIZATION_LEVEL = "-Owholemodule";
				VALIDATE_PRODUCT = YES;
			};
			name = Release;
		};
		8DF2031C204C77CE00C5C59C /* Debug */ = {
			isa = XCBuildConfiguration;
			buildSettings = {
				ASSETCATALOG_COMPILER_APPICON_NAME = AppIcon;
				CODE_SIGN_STYLE = Automatic;
				INFOPLIST_FILE = "PregBuddy Tweets/Info.plist";
				LD_RUNPATH_SEARCH_PATHS = "$(inherited) @executable_path/Frameworks";
				PRODUCT_BUNDLE_IDENTIFIER = "com.pregbuddy.tweets.PregBuddy-Tweets";
				PRODUCT_NAME = "$(TARGET_NAME)";
				SWIFT_VERSION = 4.0;
				TARGETED_DEVICE_FAMILY = "1,2";
			};
			name = Debug;
		};
		8DF2031D204C77CE00C5C59C /* Release */ = {
			isa = XCBuildConfiguration;
			buildSettings = {
				ASSETCATALOG_COMPILER_APPICON_NAME = AppIcon;
				CODE_SIGN_STYLE = Automatic;
				INFOPLIST_FILE = "PregBuddy Tweets/Info.plist";
				LD_RUNPATH_SEARCH_PATHS = "$(inherited) @executable_path/Frameworks";
				PRODUCT_BUNDLE_IDENTIFIER = "com.pregbuddy.tweets.PregBuddy-Tweets";
				PRODUCT_NAME = "$(TARGET_NAME)";
				SWIFT_VERSION = 4.0;
				TARGETED_DEVICE_FAMILY = "1,2";
			};
			name = Release;
		};
/* End XCBuildConfiguration section */

/* Begin XCConfigurationList section */
		8DF20301204C77CE00C5C59C /* Build configuration list for PBXProject "PregBuddy Tweets" */ = {
			isa = XCConfigurationList;
			buildConfigurations = (
				8DF20319204C77CE00C5C59C /* Debug */,
				8DF2031A204C77CE00C5C59C /* Release */,
			);
			defaultConfigurationIsVisible = 0;
			defaultConfigurationName = Release;
		};
		8DF2031B204C77CE00C5C59C /* Build configuration list for PBXNativeTarget "PregBuddy Tweets" */ = {
			isa = XCConfigurationList;
			buildConfigurations = (
				8DF2031C204C77CE00C5C59C /* Debug */,
				8DF2031D204C77CE00C5C59C /* Release */,
			);
			defaultConfigurationIsVisible = 0;
			defaultConfigurationName = Release;
		};
/* End XCConfigurationList section */

/* Begin XCVersionGroup section */
		8DF20310204C77CE00C5C59C /* PregBuddy_Tweets.xcdatamodeld */ = {
			isa = XCVersionGroup;
			children = (
				8DF20311204C77CE00C5C59C /* PregBuddy_Tweets.xcdatamodel */,
			);
			currentVersion = 8DF20311204C77CE00C5C59C /* PregBuddy_Tweets.xcdatamodel */;
			path = PregBuddy_Tweets.xcdatamodeld;
			sourceTree = "<group>";
			versionGroupType = wrapper.xcdatamodel;
		};
/* End XCVersionGroup section */
	};
	rootObject = 8DF202FE204C77CE00C5C59C /* Project object */;
}
